{
  "version": 4,
  "terraform_version": "1.12.2",
  "serial": 58,
  "lineage": "6b71c658-e0d1-841e-ff0b-924568cbdfe5",
  "outputs": {
    "bucket_names": {
      "value": {
        "bronze": "serverless-architecture-smes-analytics-bronze-zone0",
        "gold": "serverless-architecture-smes-analytics-gold-zone0",
        "predictive": "serverless-architecture-smes-analytics-predictive0",
        "silver": "serverless-architecture-smes-analytics-silver-zone0"
      },
      "type": [
        "object",
        {
          "bronze": "string",
          "gold": "string",
          "predictive": "string",
          "silver": "string"
        }
      ]
    },
    "kms_key_arn": {
      "value": "arn:aws:kms:us-east-1:302772524387:key/b9e65473-c281-4777-a4be-db9a080ebad6",
      "type": "string"
    },
    "lambda_arns": {
      "value": {
        "glue_tables": "arn:aws:lambda:us-east-1:302772524387:function:glue_tables0",
        "quality": "arn:aws:lambda:us-east-1:302772524387:function:quality0",
        "transform": "arn:aws:lambda:us-east-1:302772524387:function:transform0"
      },
      "type": [
        "object",
        {
          "glue_tables": "string",
          "quality": "string",
          "transform": "string"
        }
      ]
    },
    "state_machine_arn": {
      "value": "arn:aws:states:us-east-1:302772524387:stateMachine:serverless-architecture-smes-analytics0-etl-sm",
      "type": "string"
    }
  },
  "resources": [
    {
      "module": "module.eventbridge",
      "mode": "managed",
      "type": "aws_cloudwatch_event_rule",
      "name": "rule",
      "provider": "provider[\"registry.terraform.io/hashicorp/aws\"]",
      "instances": [
        {
          "schema_version": 1,
          "attributes": {
            "arn": "arn:aws:events:us-east-1:302772524387:rule/etl-schedule0",
            "description": "",
            "event_bus_name": "default",
            "event_pattern": null,
            "force_destroy": false,
            "id": "etl-schedule0",
            "is_enabled": true,
            "name": "etl-schedule0",
            "name_prefix": "",
            "role_arn": "",
            "schedule_expression": "rate(1 day)",
            "state": "ENABLED",
            "tags": {},
            "tags_all": {}
          },
          "sensitive_attributes": [],
          "identity_schema_version": 0,
          "private": "eyJzY2hlbWFfdmVyc2lvbiI6IjEifQ=="
        }
      ]
    },
    {
      "module": "module.eventbridge",
      "mode": "managed",
      "type": "aws_cloudwatch_event_target",
      "name": "target",
      "provider": "provider[\"registry.terraform.io/hashicorp/aws\"]",
      "instances": [
        {
          "schema_version": 1,
          "attributes": {
            "appsync_target": [],
            "arn": "arn:aws:states:us-east-1:302772524387:stateMachine:serverless-architecture-smes-analytics0-etl-sm",
            "batch_target": [],
            "dead_letter_config": [],
            "ecs_target": [],
            "event_bus_name": "default",
            "force_destroy": false,
            "http_target": [],
            "id": "etl-schedule0-run-sm0",
            "input": "",
            "input_path": "",
            "input_transformer": [],
            "kinesis_target": [],
            "redshift_target": [],
            "retry_policy": [],
            "role_arn": "arn:aws:iam::302772524387:role/serverless-architecture-smes-analytics0-events-to-step",
            "rule": "etl-schedule0",
            "run_command_targets": [],
            "sagemaker_pipeline_target": [],
            "sqs_target": [],
            "target_id": "run-sm0"
          },
          "sensitive_attributes": [],
          "identity_schema_version": 0,
          "private": "eyJzY2hlbWFfdmVyc2lvbiI6IjEifQ==",
          "dependencies": [
            "module.eventbridge.aws_cloudwatch_event_rule.rule",
            "module.iam.aws_iam_role.events_to_step",
            "module.iam.aws_iam_role.lambda",
            "module.iam.data.aws_iam_policy_document.assume_events",
            "module.iam.data.aws_iam_policy_document.assume_lambda",
            "module.kms.aws_kms_key.main",
            "module.lambdas.aws_lambda_function.fn",
            "module.step.aws_iam_policy.sm_policy",
            "module.step.aws_iam_role.sm",
            "module.step.aws_iam_role_policy_attachment.sm_attach",
            "module.step.aws_sfn_state_machine.sm",
            "module.step.data.aws_iam_policy_document.assume_sm",
            "module.step.data.aws_iam_policy_document.sm_policy",
            "module.step.data.template_file.def",
            "module.step.time_sleep.after_policy_attach"
          ]
        }
      ]
    },
    {
      "module": "module.glue",
      "mode": "managed",
      "type": "aws_glue_catalog_database",
      "name": "db",
      "provider": "provider[\"registry.terraform.io/hashicorp/aws\"]",
      "instances": [
        {
          "schema_version": 0,
          "attributes": {
            "arn": "arn:aws:glue:us-east-1:302772524387:database/gold_analytics0",
            "catalog_id": "302772524387",
            "create_table_default_permission": [
              {
                "permissions": [
                  "ALL"
                ],
                "principal": [
                  {
                    "data_lake_principal_identifier": "IAM_ALLOWED_PRINCIPALS"
                  }
                ]
              }
            ],
            "description": "",
            "federated_database": [],
            "id": "302772524387:gold_analytics0",
            "location_uri": "",
            "name": "gold_analytics0",
            "parameters": {},
            "tags": {},
            "tags_all": {},
            "target_database": []
          },
          "sensitive_attributes": [],
          "identity_schema_version": 0,
          "private": "bnVsbA=="
        }
      ]
    },
    {
      "module": "module.glue",
      "mode": "managed",
      "type": "aws_glue_classifier",
      "name": "csv",
      "provider": "provider[\"registry.terraform.io/hashicorp/aws\"]",
      "instances": [
        {
          "index_key": "csv_semicolon",
          "schema_version": 0,
          "attributes": {
            "csv_classifier": [
              {
                "allow_single_column": false,
                "contains_header": "UNKNOWN",
                "custom_datatype_configured": false,
                "custom_datatypes": [],
                "delimiter": ";",
                "disable_value_trimming": true,
                "header": [],
                "quote_symbol": "",
                "serde": "None"
              }
            ],
            "grok_classifier": [],
            "id": "csv_semicolon0",
            "json_classifier": [],
            "name": "csv_semicolon0",
            "xml_classifier": []
          },
          "sensitive_attributes": [],
          "identity_schema_version": 0,
          "private": "bnVsbA=="
        }
      ]
    },
    {
      "module": "module.glue",
      "mode": "managed",
      "type": "aws_glue_crawler",
      "name": "crawler",
      "provider": "provider[\"registry.terraform.io/hashicorp/aws\"]",
      "instances": [
        {
          "index_key": "pacientes",
          "schema_version": 0,
          "attributes": {
            "arn": "arn:aws:glue:us-east-1:302772524387:crawler/pacientes0",
            "catalog_target": [],
            "classifiers": [],
            "configuration": "{\"Version\":1.0,\"Grouping\":{\"TableLevelConfiguration\":3}}",
            "database_name": "gold_analytics0",
            "delta_target": [],
            "description": "",
            "dynamodb_target": [],
            "hudi_target": [],
            "iceberg_target": [],
            "id": "pacientes0",
            "jdbc_target": [],
            "lake_formation_configuration": [
              {
                "account_id": "",
                "use_lake_formation_credentials": false
              }
            ],
            "lineage_configuration": [
              {
                "crawler_lineage_settings": "DISABLE"
              }
            ],
            "mongodb_target": [],
            "name": "pacientes0",
            "recrawl_policy": [
              {
                "recrawl_behavior": "CRAWL_EVERYTHING"
              }
            ],
            "role": "serverless-architecture-smes-analytics0-glue-job",
            "s3_target": [
              {
                "connection_name": "",
                "dlq_event_queue_arn": "",
                "event_queue_arn": "",
                "exclusions": [],
                "path": "s3://serverless-architecture-smes-analytics-gold-zone0/pacientes/",
                "sample_size": 0
              }
            ],
            "schedule": "",
            "schema_change_policy": [
              {
                "delete_behavior": "DEPRECATE_IN_DATABASE",
                "update_behavior": "UPDATE_IN_DATABASE"
              }
            ],
            "security_configuration": "",
            "table_prefix": "",
            "tags": {},
            "tags_all": {}
          },
          "sensitive_attributes": [],
          "identity_schema_version": 0,
          "private": "bnVsbA==",
          "dependencies": [
            "module.glue.aws_glue_catalog_database.db",
            "module.iam.aws_iam_role.glue_job",
            "module.iam.data.aws_iam_policy_document.assume_glue"
          ]
        }
      ]
    },
    {
      "module": "module.glue",
      "mode": "managed",
      "type": "aws_glue_job",
      "name": "job",
      "provider": "provider[\"registry.terraform.io/hashicorp/aws\"]",
      "instances": [
        {
          "index_key": "predictive_logreg",
          "schema_version": 0,
          "attributes": {
            "arn": "arn:aws:glue:us-east-1:302772524387:job/predictive_logreg0",
            "command": [
              {
                "name": "glueetl",
                "python_version": "3",
                "runtime": "",
                "script_location": "s3://serverless-architecture-smes-analytics-deploy/PyGlue/glue_prediction_pacientes.py"
              }
            ],
            "connections": [],
            "default_arguments": {
              "--enable-continuous-cloudwatch-log": "true",
              "--enable-metrics": "true",
              "--enable-spark-ui": "true",
              "--job-language": "python"
            },
            "description": "",
            "execution_class": "",
            "execution_property": [
              {
                "max_concurrent_runs": 1
              }
            ],
            "glue_version": "4.0",
            "id": "predictive_logreg0",
            "job_run_queuing_enabled": false,
            "maintenance_window": "",
            "max_capacity": 2,
            "max_retries": 0,
            "name": "predictive_logreg0",
            "non_overridable_arguments": {},
            "notification_property": [],
            "number_of_workers": 2,
            "role_arn": "arn:aws:iam::302772524387:role/serverless-architecture-smes-analytics0-glue-job",
            "security_configuration": "",
            "source_control_details": [],
            "tags": {},
            "tags_all": {},
            "timeout": 20,
            "worker_type": "G.1X"
          },
          "sensitive_attributes": [],
          "identity_schema_version": 0,
          "private": "bnVsbA==",
          "dependencies": [
            "module.iam.aws_iam_role.glue_job",
            "module.iam.data.aws_iam_policy_document.assume_glue"
          ]
        }
      ]
    },
    {
      "module": "module.iam",
      "mode": "data",
      "type": "aws_iam_policy_document",
      "name": "assume_events",
      "provider": "provider[\"registry.terraform.io/hashicorp/aws\"]",
      "instances": [
        {
          "schema_version": 0,
          "attributes": {
            "id": "335005817",
            "json": "{\n  \"Version\": \"2012-10-17\",\n  \"Statement\": [\n    {\n      \"Effect\": \"Allow\",\n      \"Action\": \"sts:AssumeRole\",\n      \"Principal\": {\n        \"Service\": \"events.amazonaws.com\"\n      }\n    }\n  ]\n}",
            "minified_json": "{\"Version\":\"2012-10-17\",\"Statement\":[{\"Effect\":\"Allow\",\"Action\":\"sts:AssumeRole\",\"Principal\":{\"Service\":\"events.amazonaws.com\"}}]}",
            "override_json": null,
            "override_policy_documents": null,
            "policy_id": null,
            "source_json": null,
            "source_policy_documents": null,
            "statement": [
              {
                "actions": [
                  "sts:AssumeRole"
                ],
                "condition": [],
                "effect": "Allow",
                "not_actions": [],
                "not_principals": [],
                "not_resources": [],
                "principals": [
                  {
                    "identifiers": [
                      "events.amazonaws.com"
                    ],
                    "type": "Service"
                  }
                ],
                "resources": [],
                "sid": ""
              }
            ],
            "version": "2012-10-17"
          },
          "sensitive_attributes": [],
          "identity_schema_version": 0
        }
      ]
    },
    {
      "module": "module.iam",
      "mode": "data",
      "type": "aws_iam_policy_document",
      "name": "assume_glue",
      "provider": "provider[\"registry.terraform.io/hashicorp/aws\"]",
      "instances": [
        {
          "schema_version": 0,
          "attributes": {
            "id": "1613198426",
            "json": "{\n  \"Version\": \"2012-10-17\",\n  \"Statement\": [\n    {\n      \"Effect\": \"Allow\",\n      \"Action\": \"sts:AssumeRole\",\n      \"Principal\": {\n        \"Service\": \"glue.amazonaws.com\"\n      }\n    }\n  ]\n}",
            "minified_json": "{\"Version\":\"2012-10-17\",\"Statement\":[{\"Effect\":\"Allow\",\"Action\":\"sts:AssumeRole\",\"Principal\":{\"Service\":\"glue.amazonaws.com\"}}]}",
            "override_json": null,
            "override_policy_documents": null,
            "policy_id": null,
            "source_json": null,
            "source_policy_documents": null,
            "statement": [
              {
                "actions": [
                  "sts:AssumeRole"
                ],
                "condition": [],
                "effect": "Allow",
                "not_actions": [],
                "not_principals": [],
                "not_resources": [],
                "principals": [
                  {
                    "identifiers": [
                      "glue.amazonaws.com"
                    ],
                    "type": "Service"
                  }
                ],
                "resources": [],
                "sid": ""
              }
            ],
            "version": "2012-10-17"
          },
          "sensitive_attributes": [],
          "identity_schema_version": 0
        }
      ]
    },
    {
      "module": "module.iam",
      "mode": "data",
      "type": "aws_iam_policy_document",
      "name": "assume_lambda",
      "provider": "provider[\"registry.terraform.io/hashicorp/aws\"]",
      "instances": [
        {
          "schema_version": 0,
          "attributes": {
            "id": "1604711841",
            "json": "{\n  \"Version\": \"2012-10-17\",\n  \"Statement\": [\n    {\n      \"Effect\": \"Allow\",\n      \"Action\": \"sts:AssumeRole\",\n      \"Principal\": {\n        \"Service\": \"lambda.amazonaws.com\"\n      }\n    }\n  ]\n}",
            "minified_json": "{\"Version\":\"2012-10-17\",\"Statement\":[{\"Effect\":\"Allow\",\"Action\":\"sts:AssumeRole\",\"Principal\":{\"Service\":\"lambda.amazonaws.com\"}}]}",
            "override_json": null,
            "override_policy_documents": null,
            "policy_id": null,
            "source_json": null,
            "source_policy_documents": null,
            "statement": [
              {
                "actions": [
                  "sts:AssumeRole"
                ],
                "condition": [],
                "effect": "Allow",
                "not_actions": [],
                "not_principals": [],
                "not_resources": [],
                "principals": [
                  {
                    "identifiers": [
                      "lambda.amazonaws.com"
                    ],
                    "type": "Service"
                  }
                ],
                "resources": [],
                "sid": ""
              }
            ],
            "version": "2012-10-17"
          },
          "sensitive_attributes": [],
          "identity_schema_version": 0
        }
      ]
    },
    {
      "module": "module.iam",
      "mode": "data",
      "type": "aws_iam_policy_document",
      "name": "events_to_step",
      "provider": "provider[\"registry.terraform.io/hashicorp/aws\"]",
      "instances": [
        {
          "schema_version": 0,
          "attributes": {
            "id": "2100153926",
            "json": "{\n  \"Version\": \"2012-10-17\",\n  \"Statement\": [\n    {\n      \"Effect\": \"Allow\",\n      \"Action\": \"states:StartExecution\",\n      \"Resource\": \"*\"\n    }\n  ]\n}",
            "minified_json": "{\"Version\":\"2012-10-17\",\"Statement\":[{\"Effect\":\"Allow\",\"Action\":\"states:StartExecution\",\"Resource\":\"*\"}]}",
            "override_json": null,
            "override_policy_documents": null,
            "policy_id": null,
            "source_json": null,
            "source_policy_documents": null,
            "statement": [
              {
                "actions": [
                  "states:StartExecution"
                ],
                "condition": [],
                "effect": "Allow",
                "not_actions": [],
                "not_principals": [],
                "not_resources": [],
                "principals": [],
                "resources": [
                  "*"
                ],
                "sid": ""
              }
            ],
            "version": "2012-10-17"
          },
          "sensitive_attributes": [],
          "identity_schema_version": 0
        }
      ]
    },
    {
      "module": "module.iam",
      "mode": "data",
      "type": "aws_iam_policy_document",
      "name": "glue_job",
      "provider": "provider[\"registry.terraform.io/hashicorp/aws\"]",
      "instances": [
        {
          "schema_version": 0,
          "attributes": {
            "id": "1414100247",
            "json": "{\n  \"Version\": \"2012-10-17\",\n  \"Statement\": [\n    {\n      \"Effect\": \"Allow\",\n      \"Action\": \"s3:*\",\n      \"Resource\": \"*\"\n    },\n    {\n      \"Effect\": \"Allow\",\n      \"Action\": \"kms:*\",\n      \"Resource\": \"arn:aws:kms:us-east-1:302772524387:key/b9e65473-c281-4777-a4be-db9a080ebad6\"\n    },\n    {\n      \"Effect\": \"Allow\",\n      \"Action\": [\n        \"logs:*\",\n        \"cloudwatch:*\"\n      ],\n      \"Resource\": \"*\"\n    },\n    {\n      \"Effect\": \"Allow\",\n      \"Action\": \"iam:PassRole\",\n      \"Resource\": \"*\"\n    }\n  ]\n}",
            "minified_json": "{\"Version\":\"2012-10-17\",\"Statement\":[{\"Effect\":\"Allow\",\"Action\":\"s3:*\",\"Resource\":\"*\"},{\"Effect\":\"Allow\",\"Action\":\"kms:*\",\"Resource\":\"arn:aws:kms:us-east-1:302772524387:key/b9e65473-c281-4777-a4be-db9a080ebad6\"},{\"Effect\":\"Allow\",\"Action\":[\"logs:*\",\"cloudwatch:*\"],\"Resource\":\"*\"},{\"Effect\":\"Allow\",\"Action\":\"iam:PassRole\",\"Resource\":\"*\"}]}",
            "override_json": null,
            "override_policy_documents": null,
            "policy_id": null,
            "source_json": null,
            "source_policy_documents": null,
            "statement": [
              {
                "actions": [
                  "s3:*"
                ],
                "condition": [],
                "effect": "Allow",
                "not_actions": [],
                "not_principals": [],
                "not_resources": [],
                "principals": [],
                "resources": [
                  "*"
                ],
                "sid": ""
              },
              {
                "actions": [
                  "kms:*"
                ],
                "condition": [],
                "effect": "Allow",
                "not_actions": [],
                "not_principals": [],
                "not_resources": [],
                "principals": [],
                "resources": [
                  "arn:aws:kms:us-east-1:302772524387:key/b9e65473-c281-4777-a4be-db9a080ebad6"
                ],
                "sid": ""
              },
              {
                "actions": [
                  "cloudwatch:*",
                  "logs:*"
                ],
                "condition": [],
                "effect": "Allow",
                "not_actions": [],
                "not_principals": [],
                "not_resources": [],
                "principals": [],
                "resources": [
                  "*"
                ],
                "sid": ""
              },
              {
                "actions": [
                  "iam:PassRole"
                ],
                "condition": [],
                "effect": "Allow",
                "not_actions": [],
                "not_principals": [],
                "not_resources": [],
                "principals": [],
                "resources": [
                  "*"
                ],
                "sid": ""
              }
            ],
            "version": "2012-10-17"
          },
          "sensitive_attributes": [],
          "identity_schema_version": 0
        }
      ]
    },
    {
      "module": "module.iam",
      "mode": "data",
      "type": "aws_iam_policy_document",
      "name": "lambda_extra",
      "provider": "provider[\"registry.terraform.io/hashicorp/aws\"]",
      "instances": [
        {
          "schema_version": 0,
          "attributes": {
            "id": "22250694",
            "json": "{\n  \"Version\": \"2012-10-17\",\n  \"Statement\": [\n    {\n      \"Effect\": \"Allow\",\n      \"Action\": \"s3:*\",\n      \"Resource\": \"*\"\n    },\n    {\n      \"Effect\": \"Allow\",\n      \"Action\": [\n        \"kms:GenerateDataKey\",\n        \"kms:Encrypt\",\n        \"kms:DescribeKey\",\n        \"kms:Decrypt\"\n      ],\n      \"Resource\": \"arn:aws:kms:us-east-1:302772524387:key/b9e65473-c281-4777-a4be-db9a080ebad6\"\n    },\n    {\n      \"Effect\": \"Allow\",\n      \"Action\": [\n        \"logs:PutLogEvents\",\n        \"logs:CreateLogStream\",\n        \"logs:CreateLogGroup\",\n        \"glue:*\",\n        \"athena:*\"\n      ],\n      \"Resource\": \"*\"\n    }\n  ]\n}",
            "minified_json": "{\"Version\":\"2012-10-17\",\"Statement\":[{\"Effect\":\"Allow\",\"Action\":\"s3:*\",\"Resource\":\"*\"},{\"Effect\":\"Allow\",\"Action\":[\"kms:GenerateDataKey\",\"kms:Encrypt\",\"kms:DescribeKey\",\"kms:Decrypt\"],\"Resource\":\"arn:aws:kms:us-east-1:302772524387:key/b9e65473-c281-4777-a4be-db9a080ebad6\"},{\"Effect\":\"Allow\",\"Action\":[\"logs:PutLogEvents\",\"logs:CreateLogStream\",\"logs:CreateLogGroup\",\"glue:*\",\"athena:*\"],\"Resource\":\"*\"}]}",
            "override_json": null,
            "override_policy_documents": null,
            "policy_id": null,
            "source_json": null,
            "source_policy_documents": null,
            "statement": [
              {
                "actions": [
                  "s3:*"
                ],
                "condition": [],
                "effect": "Allow",
                "not_actions": [],
                "not_principals": [],
                "not_resources": [],
                "principals": [],
                "resources": [
                  "*"
                ],
                "sid": ""
              },
              {
                "actions": [
                  "kms:Decrypt",
                  "kms:DescribeKey",
                  "kms:Encrypt",
                  "kms:GenerateDataKey"
                ],
                "condition": [],
                "effect": "Allow",
                "not_actions": [],
                "not_principals": [],
                "not_resources": [],
                "principals": [],
                "resources": [
                  "arn:aws:kms:us-east-1:302772524387:key/b9e65473-c281-4777-a4be-db9a080ebad6"
                ],
                "sid": ""
              },
              {
                "actions": [
                  "athena:*",
                  "glue:*",
                  "logs:CreateLogGroup",
                  "logs:CreateLogStream",
                  "logs:PutLogEvents"
                ],
                "condition": [],
                "effect": "Allow",
                "not_actions": [],
                "not_principals": [],
                "not_resources": [],
                "principals": [],
                "resources": [
                  "*"
                ],
                "sid": ""
              }
            ],
            "version": "2012-10-17"
          },
          "sensitive_attributes": [],
          "identity_schema_version": 0
        }
      ]
    },
    {
      "module": "module.iam",
      "mode": "managed",
      "type": "aws_iam_policy",
      "name": "events_to_step",
      "provider": "provider[\"registry.terraform.io/hashicorp/aws\"]",
      "instances": [
        {
          "schema_version": 0,
          "attributes": {
            "arn": "arn:aws:iam::302772524387:policy/serverless-architecture-smes-analytics0-events-to-step",
            "attachment_count": 1,
            "description": "",
            "id": "arn:aws:iam::302772524387:policy/serverless-architecture-smes-analytics0-events-to-step",
            "name": "serverless-architecture-smes-analytics0-events-to-step",
            "name_prefix": "",
            "path": "/",
            "policy": "{\"Statement\":[{\"Action\":\"states:StartExecution\",\"Effect\":\"Allow\",\"Resource\":\"*\"}],\"Version\":\"2012-10-17\"}",
            "policy_id": "ANPAUM7VGCVRUWO57M7EN",
            "tags": {},
            "tags_all": {}
          },
          "sensitive_attributes": [],
          "identity_schema_version": 0,
          "private": "bnVsbA==",
          "dependencies": [
            "module.iam.data.aws_iam_policy_document.events_to_step"
          ]
        }
      ]
    },
    {
      "module": "module.iam",
      "mode": "managed",
      "type": "aws_iam_policy",
      "name": "glue_job",
      "provider": "provider[\"registry.terraform.io/hashicorp/aws\"]",
      "instances": [
        {
          "schema_version": 0,
          "attributes": {
            "arn": "arn:aws:iam::302772524387:policy/serverless-architecture-smes-analytics0-glue-job",
            "attachment_count": 1,
            "description": "",
            "id": "arn:aws:iam::302772524387:policy/serverless-architecture-smes-analytics0-glue-job",
            "name": "serverless-architecture-smes-analytics0-glue-job",
            "name_prefix": "",
            "path": "/",
            "policy": "{\"Statement\":[{\"Action\":\"s3:*\",\"Effect\":\"Allow\",\"Resource\":\"*\"},{\"Action\":\"kms:*\",\"Effect\":\"Allow\",\"Resource\":\"arn:aws:kms:us-east-1:302772524387:key/b9e65473-c281-4777-a4be-db9a080ebad6\"},{\"Action\":[\"logs:*\",\"cloudwatch:*\"],\"Effect\":\"Allow\",\"Resource\":\"*\"},{\"Action\":\"iam:PassRole\",\"Effect\":\"Allow\",\"Resource\":\"*\"}],\"Version\":\"2012-10-17\"}",
            "policy_id": "ANPAUM7VGCVR7WPIQGTMF",
            "tags": {},
            "tags_all": {}
          },
          "sensitive_attributes": [],
          "identity_schema_version": 0,
          "private": "bnVsbA==",
          "dependencies": [
            "module.iam.data.aws_iam_policy_document.glue_job",
            "module.kms.aws_kms_key.main"
          ]
        }
      ]
    },
    {
      "module": "module.iam",
      "mode": "managed",
      "type": "aws_iam_policy",
      "name": "lambda_extra",
      "provider": "provider[\"registry.terraform.io/hashicorp/aws\"]",
      "instances": [
        {
          "schema_version": 0,
          "attributes": {
            "arn": "arn:aws:iam::302772524387:policy/serverless-architecture-smes-analytics0-lambda-extra",
            "attachment_count": 1,
            "description": "",
            "id": "arn:aws:iam::302772524387:policy/serverless-architecture-smes-analytics0-lambda-extra",
            "name": "serverless-architecture-smes-analytics0-lambda-extra",
            "name_prefix": "",
            "path": "/",
            "policy": "{\"Statement\":[{\"Action\":\"s3:*\",\"Effect\":\"Allow\",\"Resource\":\"*\"},{\"Action\":[\"kms:GenerateDataKey\",\"kms:Encrypt\",\"kms:DescribeKey\",\"kms:Decrypt\"],\"Effect\":\"Allow\",\"Resource\":\"arn:aws:kms:us-east-1:302772524387:key/b9e65473-c281-4777-a4be-db9a080ebad6\"},{\"Action\":[\"logs:PutLogEvents\",\"logs:CreateLogStream\",\"logs:CreateLogGroup\",\"glue:*\",\"athena:*\"],\"Effect\":\"Allow\",\"Resource\":\"*\"}],\"Version\":\"2012-10-17\"}",
            "policy_id": "ANPAUM7VGCVRTSZ6WSAJ2",
            "tags": {},
            "tags_all": {}
          },
          "sensitive_attributes": [],
          "identity_schema_version": 0,
          "private": "bnVsbA==",
          "dependencies": [
            "module.iam.data.aws_iam_policy_document.lambda_extra",
            "module.kms.aws_kms_key.main"
          ]
        }
      ]
    },
    {
      "module": "module.iam",
      "mode": "managed",
      "type": "aws_iam_role",
      "name": "events_to_step",
      "provider": "provider[\"registry.terraform.io/hashicorp/aws\"]",
      "instances": [
        {
          "schema_version": 0,
          "attributes": {
            "arn": "arn:aws:iam::302772524387:role/serverless-architecture-smes-analytics0-events-to-step",
            "assume_role_policy": "{\"Statement\":[{\"Action\":\"sts:AssumeRole\",\"Effect\":\"Allow\",\"Principal\":{\"Service\":\"events.amazonaws.com\"}}],\"Version\":\"2012-10-17\"}",
            "create_date": "2025-08-14T00:14:18Z",
            "description": "",
            "force_detach_policies": false,
            "id": "serverless-architecture-smes-analytics0-events-to-step",
            "inline_policy": [],
            "managed_policy_arns": [
              "arn:aws:iam::302772524387:policy/serverless-architecture-smes-analytics0-events-to-step"
            ],
            "max_session_duration": 3600,
            "name": "serverless-architecture-smes-analytics0-events-to-step",
            "name_prefix": "",
            "path": "/",
            "permissions_boundary": "",
            "tags": {},
            "tags_all": {},
            "unique_id": "AROAUM7VGCVRRMDRL4YUC"
          },
          "sensitive_attributes": [],
          "identity_schema_version": 0,
          "private": "bnVsbA==",
          "dependencies": [
            "module.iam.data.aws_iam_policy_document.assume_events"
          ]
        }
      ]
    },
    {
      "module": "module.iam",
      "mode": "managed",
      "type": "aws_iam_role",
      "name": "glue_job",
      "provider": "provider[\"registry.terraform.io/hashicorp/aws\"]",
      "instances": [
        {
          "schema_version": 0,
          "attributes": {
            "arn": "arn:aws:iam::302772524387:role/serverless-architecture-smes-analytics0-glue-job",
            "assume_role_policy": "{\"Statement\":[{\"Action\":\"sts:AssumeRole\",\"Effect\":\"Allow\",\"Principal\":{\"Service\":\"glue.amazonaws.com\"}}],\"Version\":\"2012-10-17\"}",
            "create_date": "2025-08-14T00:14:18Z",
            "description": "",
            "force_detach_policies": false,
            "id": "serverless-architecture-smes-analytics0-glue-job",
            "inline_policy": [],
            "managed_policy_arns": [
              "arn:aws:iam::302772524387:policy/serverless-architecture-smes-analytics0-glue-job"
            ],
            "max_session_duration": 3600,
            "name": "serverless-architecture-smes-analytics0-glue-job",
            "name_prefix": "",
            "path": "/",
            "permissions_boundary": "",
            "tags": {},
            "tags_all": {},
            "unique_id": "AROAUM7VGCVRRESKSAAQT"
          },
          "sensitive_attributes": [],
          "identity_schema_version": 0,
          "private": "bnVsbA==",
          "dependencies": [
            "module.iam.data.aws_iam_policy_document.assume_glue"
          ]
        }
      ]
    },
    {
      "module": "module.iam",
      "mode": "managed",
      "type": "aws_iam_role",
      "name": "lambda",
      "provider": "provider[\"registry.terraform.io/hashicorp/aws\"]",
      "instances": [
        {
          "schema_version": 0,
          "attributes": {
            "arn": "arn:aws:iam::302772524387:role/serverless-architecture-smes-analytics0-lambda-exec",
            "assume_role_policy": "{\"Statement\":[{\"Action\":\"sts:AssumeRole\",\"Effect\":\"Allow\",\"Principal\":{\"Service\":\"lambda.amazonaws.com\"}}],\"Version\":\"2012-10-17\"}",
            "create_date": "2025-08-14T00:14:18Z",
            "description": "",
            "force_detach_policies": false,
            "id": "serverless-architecture-smes-analytics0-lambda-exec",
            "inline_policy": [],
            "managed_policy_arns": [
              "arn:aws:iam::302772524387:policy/serverless-architecture-smes-analytics0-lambda-extra",
              "arn:aws:iam::aws:policy/service-role/AWSLambdaBasicExecutionRole"
            ],
            "max_session_duration": 3600,
            "name": "serverless-architecture-smes-analytics0-lambda-exec",
            "name_prefix": "",
            "path": "/",
            "permissions_boundary": "",
            "tags": {},
            "tags_all": {},
            "unique_id": "AROAUM7VGCVRXJABFBUBU"
          },
          "sensitive_attributes": [],
          "identity_schema_version": 0,
          "private": "bnVsbA==",
          "dependencies": [
            "module.iam.data.aws_iam_policy_document.assume_lambda"
          ]
        }
      ]
    },
    {
      "module": "module.iam",
      "mode": "managed",
      "type": "aws_iam_role_policy_attachment",
      "name": "events_to_step_attach",
      "provider": "provider[\"registry.terraform.io/hashicorp/aws\"]",
      "instances": [
        {
          "schema_version": 0,
          "attributes": {
            "id": "serverless-architecture-smes-analytics0-events-to-step-20250814001419382000000001",
            "policy_arn": "arn:aws:iam::302772524387:policy/serverless-architecture-smes-analytics0-events-to-step",
            "role": "serverless-architecture-smes-analytics0-events-to-step"
          },
          "sensitive_attributes": [],
          "identity_schema_version": 0,
          "private": "bnVsbA==",
          "dependencies": [
            "module.iam.aws_iam_policy.events_to_step",
            "module.iam.aws_iam_role.events_to_step",
            "module.iam.data.aws_iam_policy_document.assume_events",
            "module.iam.data.aws_iam_policy_document.events_to_step"
          ]
        }
      ]
    },
    {
      "module": "module.iam",
      "mode": "managed",
      "type": "aws_iam_role_policy_attachment",
      "name": "glue_job_attach",
      "provider": "provider[\"registry.terraform.io/hashicorp/aws\"]",
      "instances": [
        {
          "schema_version": 0,
          "attributes": {
            "id": "serverless-architecture-smes-analytics0-glue-job-20250814001424109500000004",
            "policy_arn": "arn:aws:iam::302772524387:policy/serverless-architecture-smes-analytics0-glue-job",
            "role": "serverless-architecture-smes-analytics0-glue-job"
          },
          "sensitive_attributes": [],
          "identity_schema_version": 0,
          "private": "bnVsbA==",
          "dependencies": [
            "module.iam.aws_iam_policy.glue_job",
            "module.iam.aws_iam_role.glue_job",
            "module.iam.data.aws_iam_policy_document.assume_glue",
            "module.iam.data.aws_iam_policy_document.glue_job",
            "module.kms.aws_kms_key.main"
          ]
        }
      ]
    },
    {
      "module": "module.iam",
      "mode": "managed",
      "type": "aws_iam_role_policy_attachment",
      "name": "lambda_basic",
      "provider": "provider[\"registry.terraform.io/hashicorp/aws\"]",
      "instances": [
        {
          "schema_version": 0,
          "attributes": {
            "id": "serverless-architecture-smes-analytics0-lambda-exec-20250814001419444200000003",
            "policy_arn": "arn:aws:iam::aws:policy/service-role/AWSLambdaBasicExecutionRole",
            "role": "serverless-architecture-smes-analytics0-lambda-exec"
          },
          "sensitive_attributes": [],
          "identity_schema_version": 0,
          "private": "bnVsbA==",
          "dependencies": [
            "module.iam.aws_iam_role.lambda",
            "module.iam.data.aws_iam_policy_document.assume_lambda"
          ]
        }
      ]
    },
    {
      "module": "module.iam",
      "mode": "managed",
      "type": "aws_iam_role_policy_attachment",
      "name": "lambda_extra_attach",
      "provider": "provider[\"registry.terraform.io/hashicorp/aws\"]",
      "instances": [
        {
          "schema_version": 0,
          "attributes": {
            "id": "serverless-architecture-smes-analytics0-lambda-exec-20250814001424140700000005",
            "policy_arn": "arn:aws:iam::302772524387:policy/serverless-architecture-smes-analytics0-lambda-extra",
            "role": "serverless-architecture-smes-analytics0-lambda-exec"
          },
          "sensitive_attributes": [],
          "identity_schema_version": 0,
          "private": "bnVsbA==",
          "dependencies": [
            "module.iam.aws_iam_policy.lambda_extra",
            "module.iam.aws_iam_role.lambda",
            "module.iam.data.aws_iam_policy_document.assume_lambda",
            "module.iam.data.aws_iam_policy_document.lambda_extra",
            "module.kms.aws_kms_key.main"
          ]
        }
      ]
    },
    {
      "module": "module.kms",
      "mode": "managed",
      "type": "aws_kms_alias",
      "name": "alias",
      "provider": "provider[\"registry.terraform.io/hashicorp/aws\"]",
      "instances": [
        {
          "schema_version": 0,
          "attributes": {
            "arn": "arn:aws:kms:us-east-1:302772524387:alias/serverless-architecture-smes-analytics0",
            "id": "alias/serverless-architecture-smes-analytics0",
            "name": "alias/serverless-architecture-smes-analytics0",
            "name_prefix": "",
            "target_key_arn": "arn:aws:kms:us-east-1:302772524387:key/b9e65473-c281-4777-a4be-db9a080ebad6",
            "target_key_id": "b9e65473-c281-4777-a4be-db9a080ebad6"
          },
          "sensitive_attributes": [],
          "identity_schema_version": 0,
          "private": "bnVsbA==",
          "dependencies": [
            "module.kms.aws_kms_key.main"
          ]
        }
      ]
    },
    {
      "module": "module.kms",
      "mode": "managed",
      "type": "aws_kms_key",
      "name": "main",
      "provider": "provider[\"registry.terraform.io/hashicorp/aws\"]",
      "instances": [
        {
          "schema_version": 0,
          "attributes": {
            "arn": "arn:aws:kms:us-east-1:302772524387:key/b9e65473-c281-4777-a4be-db9a080ebad6",
            "bypass_policy_lockout_safety_check": false,
            "custom_key_store_id": "",
            "customer_master_key_spec": "SYMMETRIC_DEFAULT",
            "deletion_window_in_days": 7,
            "description": "serverless-architecture-smes-analytics0 CMK",
            "enable_key_rotation": true,
            "id": "b9e65473-c281-4777-a4be-db9a080ebad6",
            "is_enabled": true,
            "key_id": "b9e65473-c281-4777-a4be-db9a080ebad6",
            "key_usage": "ENCRYPT_DECRYPT",
            "multi_region": false,
            "policy": "{\"Id\":\"key-default-1\",\"Statement\":[{\"Action\":\"kms:*\",\"Effect\":\"Allow\",\"Principal\":{\"AWS\":\"arn:aws:iam::302772524387:root\"},\"Resource\":\"*\",\"Sid\":\"Enable IAM User Permissions\"}],\"Version\":\"2012-10-17\"}",
            "rotation_period_in_days": 365,
            "tags": {},
            "tags_all": {},
            "timeouts": null,
            "xks_key_id": ""
          },
          "sensitive_attributes": [],
          "identity_schema_version": 0,
          "private": "eyJlMmJmYjczMC1lY2FhLTExZTYtOGY4OC0zNDM2M2JjN2M0YzAiOnsiY3JlYXRlIjoxMjAwMDAwMDAwMDB9fQ=="
        }
      ]
    },
    {
      "module": "module.lambdas",
      "mode": "managed",
      "type": "aws_lambda_function",
      "name": "fn",
      "provider": "provider[\"registry.terraform.io/hashicorp/aws\"]",
      "instances": [
        {
          "index_key": "glue_tables",
          "schema_version": 0,
          "attributes": {
            "architectures": [
              "x86_64"
            ],
            "arn": "arn:aws:lambda:us-east-1:302772524387:function:glue_tables0",
            "code_sha256": "sB3WgcxKGEeZy9pCeNWX9cEcM1/TYG+NxxBZ5HnIc6A=",
            "code_signing_config_arn": "",
            "dead_letter_config": [],
            "description": "",
            "environment": [
              {
                "variables": {
                  "BUCKET": "serverless-architecture-smes-analytics-gold-zone0"
                }
              }
            ],
            "ephemeral_storage": [
              {
                "size": 512
              }
            ],
            "file_system_config": [],
            "filename": null,
            "function_name": "glue_tables0",
            "handler": "lambda_function.lambda_handler",
            "id": "glue_tables0",
            "image_config": [],
            "image_uri": "",
            "invoke_arn": "arn:aws:apigateway:us-east-1:lambda:path/2015-03-31/functions/arn:aws:lambda:us-east-1:302772524387:function:glue_tables0/invocations",
            "kms_key_arn": "arn:aws:kms:us-east-1:302772524387:key/b9e65473-c281-4777-a4be-db9a080ebad6",
            "last_modified": "2025-08-14T00:14:28.342+0000",
            "layers": [],
            "logging_config": [
              {
                "application_log_level": "",
                "log_format": "Text",
                "log_group": "/aws/lambda/glue_tables0",
                "system_log_level": ""
              }
            ],
            "memory_size": 1024,
            "package_type": "Zip",
            "publish": false,
            "qualified_arn": "arn:aws:lambda:us-east-1:302772524387:function:glue_tables0:$LATEST",
            "qualified_invoke_arn": "arn:aws:apigateway:us-east-1:lambda:path/2015-03-31/functions/arn:aws:lambda:us-east-1:302772524387:function:glue_tables0:$LATEST/invocations",
            "replace_security_groups_on_destroy": null,
            "replacement_security_group_ids": null,
            "reserved_concurrent_executions": -1,
            "role": "arn:aws:iam::302772524387:role/serverless-architecture-smes-analytics0-lambda-exec",
            "runtime": "python3.12",
            "s3_bucket": "serverless-architecture-smes-analytics-deploy",
            "s3_key": "PyLambda/lambda_function_glue_tables.zip",
            "s3_object_version": null,
            "signing_job_arn": "",
            "signing_profile_version_arn": "",
            "skip_destroy": false,
            "snap_start": [],
            "source_code_hash": "",
            "source_code_size": 1340,
            "tags": {},
            "tags_all": {},
            "timeout": 300,
            "timeouts": null,
            "tracing_config": [
              {
                "mode": "PassThrough"
              }
            ],
            "version": "$LATEST",
            "vpc_config": []
          },
          "sensitive_attributes": [],
          "identity_schema_version": 0,
          "private": "eyJlMmJmYjczMC1lY2FhLTExZTYtOGY4OC0zNDM2M2JjN2M0YzAiOnsiY3JlYXRlIjo2MDAwMDAwMDAwMDAsImRlbGV0ZSI6NjAwMDAwMDAwMDAwLCJ1cGRhdGUiOjYwMDAwMDAwMDAwMH19",
          "dependencies": [
            "module.iam.aws_iam_role.lambda",
            "module.iam.data.aws_iam_policy_document.assume_lambda",
            "module.kms.aws_kms_key.main"
          ]
        },
        {
          "index_key": "quality",
          "schema_version": 0,
          "attributes": {
            "architectures": [
              "x86_64"
            ],
            "arn": "arn:aws:lambda:us-east-1:302772524387:function:quality0",
            "code_sha256": "bjbzf4+ZWyoP780n46mCTx4A3IG/O83AnvXmTkHmpEY=",
            "code_signing_config_arn": "",
            "dead_letter_config": [],
            "description": "",
            "environment": [
              {
                "variables": {
                  "BUCKET": "serverless-architecture-smes-analytics-silver-zone0"
                }
              }
            ],
            "ephemeral_storage": [
              {
                "size": 512
              }
            ],
            "file_system_config": [],
            "filename": null,
            "function_name": "quality0",
            "handler": "lambda_function.lambda_handler",
            "id": "quality0",
            "image_config": [],
            "image_uri": "",
            "invoke_arn": "arn:aws:apigateway:us-east-1:lambda:path/2015-03-31/functions/arn:aws:lambda:us-east-1:302772524387:function:quality0/invocations",
            "kms_key_arn": "arn:aws:kms:us-east-1:302772524387:key/b9e65473-c281-4777-a4be-db9a080ebad6",
            "last_modified": "2025-08-14T00:14:32.541+0000",
            "layers": [],
            "logging_config": [
              {
                "application_log_level": "",
                "log_format": "Text",
                "log_group": "/aws/lambda/quality0",
                "system_log_level": ""
              }
            ],
            "memory_size": 1024,
            "package_type": "Zip",
            "publish": false,
            "qualified_arn": "arn:aws:lambda:us-east-1:302772524387:function:quality0:$LATEST",
            "qualified_invoke_arn": "arn:aws:apigateway:us-east-1:lambda:path/2015-03-31/functions/arn:aws:lambda:us-east-1:302772524387:function:quality0:$LATEST/invocations",
            "replace_security_groups_on_destroy": null,
            "replacement_security_group_ids": null,
            "reserved_concurrent_executions": -1,
            "role": "arn:aws:iam::302772524387:role/serverless-architecture-smes-analytics0-lambda-exec",
            "runtime": "python3.12",
            "s3_bucket": "serverless-architecture-smes-analytics-deploy",
            "s3_key": "PyLambda/lambda_function_quality.zip",
            "s3_object_version": null,
            "signing_job_arn": "",
            "signing_profile_version_arn": "",
            "skip_destroy": false,
            "snap_start": [],
            "source_code_hash": "",
            "source_code_size": 2244,
            "tags": {},
            "tags_all": {},
            "timeout": 300,
            "timeouts": null,
            "tracing_config": [
              {
                "mode": "PassThrough"
              }
            ],
            "version": "$LATEST",
            "vpc_config": []
          },
          "sensitive_attributes": [],
          "identity_schema_version": 0,
          "private": "eyJlMmJmYjczMC1lY2FhLTExZTYtOGY4OC0zNDM2M2JjN2M0YzAiOnsiY3JlYXRlIjo2MDAwMDAwMDAwMDAsImRlbGV0ZSI6NjAwMDAwMDAwMDAwLCJ1cGRhdGUiOjYwMDAwMDAwMDAwMH19",
          "dependencies": [
            "module.iam.aws_iam_role.lambda",
            "module.iam.data.aws_iam_policy_document.assume_lambda",
            "module.kms.aws_kms_key.main"
          ]
        },
        {
          "index_key": "transform",
          "schema_version": 0,
          "attributes": {
            "architectures": [
              "x86_64"
            ],
            "arn": "arn:aws:lambda:us-east-1:302772524387:function:transform0",
            "code_sha256": "zfyqOH0RZxfzuidjWimZMWFwCWaTshGwSgRzTSukYDg=",
            "code_signing_config_arn": "",
            "dead_letter_config": [],
            "description": "",
            "environment": [
              {
                "variables": {
                  "BUCKET": "serverless-architecture-smes-analytics-bronze-zone0"
                }
              }
            ],
            "ephemeral_storage": [
              {
                "size": 512
              }
            ],
            "file_system_config": [],
            "filename": null,
            "function_name": "transform0",
            "handler": "lambda_function.lambda_handler",
            "id": "transform0",
            "image_config": [],
            "image_uri": "",
            "invoke_arn": "arn:aws:apigateway:us-east-1:lambda:path/2015-03-31/functions/arn:aws:lambda:us-east-1:302772524387:function:transform0/invocations",
            "kms_key_arn": "arn:aws:kms:us-east-1:302772524387:key/b9e65473-c281-4777-a4be-db9a080ebad6",
            "last_modified": "2025-08-14T00:14:28.253+0000",
            "layers": [],
            "logging_config": [
              {
                "application_log_level": "",
                "log_format": "Text",
                "log_group": "/aws/lambda/transform0",
                "system_log_level": ""
              }
            ],
            "memory_size": 2048,
            "package_type": "Zip",
            "publish": false,
            "qualified_arn": "arn:aws:lambda:us-east-1:302772524387:function:transform0:$LATEST",
            "qualified_invoke_arn": "arn:aws:apigateway:us-east-1:lambda:path/2015-03-31/functions/arn:aws:lambda:us-east-1:302772524387:function:transform0:$LATEST/invocations",
            "replace_security_groups_on_destroy": null,
            "replacement_security_group_ids": null,
            "reserved_concurrent_executions": -1,
            "role": "arn:aws:iam::302772524387:role/serverless-architecture-smes-analytics0-lambda-exec",
            "runtime": "python3.12",
            "s3_bucket": "serverless-architecture-smes-analytics-deploy",
            "s3_key": "PyLambda/lambda_function_transform.zip",
            "s3_object_version": null,
            "signing_job_arn": "",
            "signing_profile_version_arn": "",
            "skip_destroy": false,
            "snap_start": [],
            "source_code_hash": "",
            "source_code_size": 6844,
            "tags": {},
            "tags_all": {},
            "timeout": 900,
            "timeouts": null,
            "tracing_config": [
              {
                "mode": "PassThrough"
              }
            ],
            "version": "$LATEST",
            "vpc_config": []
          },
          "sensitive_attributes": [],
          "identity_schema_version": 0,
          "private": "eyJlMmJmYjczMC1lY2FhLTExZTYtOGY4OC0zNDM2M2JjN2M0YzAiOnsiY3JlYXRlIjo2MDAwMDAwMDAwMDAsImRlbGV0ZSI6NjAwMDAwMDAwMDAwLCJ1cGRhdGUiOjYwMDAwMDAwMDAwMH19",
          "dependencies": [
            "module.iam.aws_iam_role.lambda",
            "module.iam.data.aws_iam_policy_document.assume_lambda",
            "module.kms.aws_kms_key.main"
          ]
        }
      ]
    },
    {
      "module": "module.s3",
      "mode": "data",
      "type": "aws_iam_policy_document",
      "name": "policy_gold",
      "provider": "provider[\"registry.terraform.io/hashicorp/aws\"]",
      "instances": [
        {
          "schema_version": 0,
          "attributes": {
            "id": "1003426810",
            "json": "{\n  \"Version\": \"2012-10-17\",\n  \"Statement\": [\n    {\n      \"Sid\": \"AllowGlueAndLambdaListAndRW\",\n      \"Effect\": \"Allow\",\n      \"Action\": \"s3:ListBucket\",\n      \"Resource\": \"arn:aws:s3:::serverless-architecture-smes-analytics-gold-zone0\",\n      \"Principal\": {\n        \"AWS\": [\n          \"arn:aws:iam::302772524387:role/serverless-architecture-smes-analytics0-lambda-exec\",\n          \"arn:aws:iam::302772524387:role/serverless-architecture-smes-analytics0-glue-job\"\n        ]\n      }\n    },\n    {\n      \"Sid\": \"AllowGlueAndLambdaGetPut\",\n      \"Effect\": \"Allow\",\n      \"Action\": [\n        \"s3:PutObject\",\n        \"s3:GetObject\"\n      ],\n      \"Resource\": \"arn:aws:s3:::serverless-architecture-smes-analytics-gold-zone0/*\",\n      \"Principal\": {\n        \"AWS\": [\n          \"arn:aws:iam::302772524387:role/serverless-architecture-smes-analytics0-lambda-exec\",\n          \"arn:aws:iam::302772524387:role/serverless-architecture-smes-analytics0-glue-job\"\n        ]\n      }\n    },\n    {\n      \"Sid\": \"RequireKmsSSEForPutObject\",\n      \"Effect\": \"Allow\",\n      \"Action\": \"s3:PutObject\",\n      \"Resource\": \"arn:aws:s3:::serverless-architecture-smes-analytics-gold-zone0/*\",\n      \"Principal\": {\n        \"AWS\": [\n          \"arn:aws:iam::302772524387:role/serverless-architecture-smes-analytics0-lambda-exec\",\n          \"arn:aws:iam::302772524387:role/serverless-architecture-smes-analytics0-glue-job\"\n        ]\n      },\n      \"Condition\": {\n        \"StringEquals\": {\n          \"s3:x-amz-server-side-encryption\": \"aws:kms\"\n        }\n      }\n    }\n  ]\n}",
            "minified_json": "{\"Version\":\"2012-10-17\",\"Statement\":[{\"Sid\":\"AllowGlueAndLambdaListAndRW\",\"Effect\":\"Allow\",\"Action\":\"s3:ListBucket\",\"Resource\":\"arn:aws:s3:::serverless-architecture-smes-analytics-gold-zone0\",\"Principal\":{\"AWS\":[\"arn:aws:iam::302772524387:role/serverless-architecture-smes-analytics0-lambda-exec\",\"arn:aws:iam::302772524387:role/serverless-architecture-smes-analytics0-glue-job\"]}},{\"Sid\":\"AllowGlueAndLambdaGetPut\",\"Effect\":\"Allow\",\"Action\":[\"s3:PutObject\",\"s3:GetObject\"],\"Resource\":\"arn:aws:s3:::serverless-architecture-smes-analytics-gold-zone0/*\",\"Principal\":{\"AWS\":[\"arn:aws:iam::302772524387:role/serverless-architecture-smes-analytics0-lambda-exec\",\"arn:aws:iam::302772524387:role/serverless-architecture-smes-analytics0-glue-job\"]}},{\"Sid\":\"RequireKmsSSEForPutObject\",\"Effect\":\"Allow\",\"Action\":\"s3:PutObject\",\"Resource\":\"arn:aws:s3:::serverless-architecture-smes-analytics-gold-zone0/*\",\"Principal\":{\"AWS\":[\"arn:aws:iam::302772524387:role/serverless-architecture-smes-analytics0-lambda-exec\",\"arn:aws:iam::302772524387:role/serverless-architecture-smes-analytics0-glue-job\"]},\"Condition\":{\"StringEquals\":{\"s3:x-amz-server-side-encryption\":\"aws:kms\"}}}]}",
            "override_json": null,
            "override_policy_documents": null,
            "policy_id": null,
            "source_json": null,
            "source_policy_documents": null,
            "statement": [
              {
                "actions": [
                  "s3:ListBucket"
                ],
                "condition": [],
                "effect": "Allow",
                "not_actions": [],
                "not_principals": [],
                "not_resources": [],
                "principals": [
                  {
                    "identifiers": [
                      "arn:aws:iam::302772524387:role/serverless-architecture-smes-analytics0-glue-job",
                      "arn:aws:iam::302772524387:role/serverless-architecture-smes-analytics0-lambda-exec"
                    ],
                    "type": "AWS"
                  }
                ],
                "resources": [
                  "arn:aws:s3:::serverless-architecture-smes-analytics-gold-zone0"
                ],
                "sid": "AllowGlueAndLambdaListAndRW"
              },
              {
                "actions": [
                  "s3:GetObject",
                  "s3:PutObject"
                ],
                "condition": [],
                "effect": "Allow",
                "not_actions": [],
                "not_principals": [],
                "not_resources": [],
                "principals": [
                  {
                    "identifiers": [
                      "arn:aws:iam::302772524387:role/serverless-architecture-smes-analytics0-glue-job",
                      "arn:aws:iam::302772524387:role/serverless-architecture-smes-analytics0-lambda-exec"
                    ],
                    "type": "AWS"
                  }
                ],
                "resources": [
                  "arn:aws:s3:::serverless-architecture-smes-analytics-gold-zone0/*"
                ],
                "sid": "AllowGlueAndLambdaGetPut"
              },
              {
                "actions": [
                  "s3:PutObject"
                ],
                "condition": [
                  {
                    "test": "StringEquals",
                    "values": [
                      "aws:kms"
                    ],
                    "variable": "s3:x-amz-server-side-encryption"
                  }
                ],
                "effect": "Allow",
                "not_actions": [],
                "not_principals": [],
                "not_resources": [],
                "principals": [
                  {
                    "identifiers": [
                      "arn:aws:iam::302772524387:role/serverless-architecture-smes-analytics0-glue-job",
                      "arn:aws:iam::302772524387:role/serverless-architecture-smes-analytics0-lambda-exec"
                    ],
                    "type": "AWS"
                  }
                ],
                "resources": [
                  "arn:aws:s3:::serverless-architecture-smes-analytics-gold-zone0/*"
                ],
                "sid": "RequireKmsSSEForPutObject"
              }
            ],
            "version": "2012-10-17"
          },
          "sensitive_attributes": [],
          "identity_schema_version": 0
        }
      ]
    },
    {
      "module": "module.s3",
      "mode": "managed",
      "type": "aws_s3_bucket",
      "name": "b",
      "provider": "provider[\"registry.terraform.io/hashicorp/aws\"]",
      "instances": [
        {
          "index_key": "serverless-architecture-smes-analytics-bronze-zone0",
          "schema_version": 0,
          "attributes": {
            "acceleration_status": "",
            "acl": null,
            "arn": "arn:aws:s3:::serverless-architecture-smes-analytics-bronze-zone0",
            "bucket": "serverless-architecture-smes-analytics-bronze-zone0",
            "bucket_domain_name": "serverless-architecture-smes-analytics-bronze-zone0.s3.amazonaws.com",
            "bucket_prefix": "",
            "bucket_regional_domain_name": "serverless-architecture-smes-analytics-bronze-zone0.s3.us-east-1.amazonaws.com",
            "cors_rule": [],
            "force_destroy": false,
            "grant": [
              {
                "id": "de033e27ae49ffad132feee98f5b867ca6da8f21403a91b4bea3af856083496b",
                "permissions": [
                  "FULL_CONTROL"
                ],
                "type": "CanonicalUser",
                "uri": ""
              }
            ],
            "hosted_zone_id": "Z3AQBSTGFYJSTF",
            "id": "serverless-architecture-smes-analytics-bronze-zone0",
            "lifecycle_rule": [],
            "logging": [],
            "object_lock_configuration": [],
            "object_lock_enabled": false,
            "policy": "",
            "region": "us-east-1",
            "replication_configuration": [],
            "request_payer": "BucketOwner",
            "server_side_encryption_configuration": [
              {
                "rule": [
                  {
                    "apply_server_side_encryption_by_default": [
                      {
                        "kms_master_key_id": "arn:aws:kms:us-east-1:302772524387:key/b9e65473-c281-4777-a4be-db9a080ebad6",
                        "sse_algorithm": "aws:kms"
                      }
                    ],
                    "bucket_key_enabled": true
                  }
                ]
              }
            ],
            "tags": {},
            "tags_all": {},
            "timeouts": null,
            "versioning": [
              {
                "enabled": false,
                "mfa_delete": false
              }
            ],
            "website": [],
            "website_domain": null,
            "website_endpoint": null
          },
          "sensitive_attributes": [],
          "identity_schema_version": 0,
          "private": "eyJlMmJmYjczMC1lY2FhLTExZTYtOGY4OC0zNDM2M2JjN2M0YzAiOnsiY3JlYXRlIjoxMjAwMDAwMDAwMDAwLCJkZWxldGUiOjM2MDAwMDAwMDAwMDAsInJlYWQiOjEyMDAwMDAwMDAwMDAsInVwZGF0ZSI6MTIwMDAwMDAwMDAwMH19"
        },
        {
          "index_key": "serverless-architecture-smes-analytics-gold-zone0",
          "schema_version": 0,
          "attributes": {
            "acceleration_status": "",
            "acl": null,
            "arn": "arn:aws:s3:::serverless-architecture-smes-analytics-gold-zone0",
            "bucket": "serverless-architecture-smes-analytics-gold-zone0",
            "bucket_domain_name": "serverless-architecture-smes-analytics-gold-zone0.s3.amazonaws.com",
            "bucket_prefix": "",
            "bucket_regional_domain_name": "serverless-architecture-smes-analytics-gold-zone0.s3.us-east-1.amazonaws.com",
            "cors_rule": [],
            "force_destroy": false,
            "grant": [
              {
                "id": "de033e27ae49ffad132feee98f5b867ca6da8f21403a91b4bea3af856083496b",
                "permissions": [
                  "FULL_CONTROL"
                ],
                "type": "CanonicalUser",
                "uri": ""
              }
            ],
            "hosted_zone_id": "Z3AQBSTGFYJSTF",
            "id": "serverless-architecture-smes-analytics-gold-zone0",
            "lifecycle_rule": [],
            "logging": [],
            "object_lock_configuration": [],
            "object_lock_enabled": false,
            "policy": "{\"Statement\":[{\"Action\":\"s3:ListBucket\",\"Effect\":\"Allow\",\"Principal\":{\"AWS\":[\"arn:aws:iam::302772524387:role/serverless-architecture-smes-analytics0-lambda-exec\",\"arn:aws:iam::302772524387:role/serverless-architecture-smes-analytics0-glue-job\"]},\"Resource\":\"arn:aws:s3:::serverless-architecture-smes-analytics-gold-zone0\",\"Sid\":\"AllowGlueAndLambdaListAndRW\"},{\"Action\":[\"s3:PutObject\",\"s3:GetObject\"],\"Effect\":\"Allow\",\"Principal\":{\"AWS\":[\"arn:aws:iam::302772524387:role/serverless-architecture-smes-analytics0-lambda-exec\",\"arn:aws:iam::302772524387:role/serverless-architecture-smes-analytics0-glue-job\"]},\"Resource\":\"arn:aws:s3:::serverless-architecture-smes-analytics-gold-zone0/*\",\"Sid\":\"AllowGlueAndLambdaGetPut\"},{\"Action\":\"s3:PutObject\",\"Condition\":{\"StringEquals\":{\"s3:x-amz-server-side-encryption\":\"aws:kms\"}},\"Effect\":\"Allow\",\"Principal\":{\"AWS\":[\"arn:aws:iam::302772524387:role/serverless-architecture-smes-analytics0-lambda-exec\",\"arn:aws:iam::302772524387:role/serverless-architecture-smes-analytics0-glue-job\"]},\"Resource\":\"arn:aws:s3:::serverless-architecture-smes-analytics-gold-zone0/*\",\"Sid\":\"RequireKmsSSEForPutObject\"}],\"Version\":\"2012-10-17\"}",
            "region": "us-east-1",
            "replication_configuration": [],
            "request_payer": "BucketOwner",
            "server_side_encryption_configuration": [
              {
                "rule": [
                  {
                    "apply_server_side_encryption_by_default": [
                      {
                        "kms_master_key_id": "arn:aws:kms:us-east-1:302772524387:key/b9e65473-c281-4777-a4be-db9a080ebad6",
                        "sse_algorithm": "aws:kms"
                      }
                    ],
                    "bucket_key_enabled": true
                  }
                ]
              }
            ],
            "tags": {},
            "tags_all": {},
            "timeouts": null,
            "versioning": [
              {
                "enabled": false,
                "mfa_delete": false
              }
            ],
            "website": [],
            "website_domain": null,
            "website_endpoint": null
          },
          "sensitive_attributes": [],
          "identity_schema_version": 0,
          "private": "eyJlMmJmYjczMC1lY2FhLTExZTYtOGY4OC0zNDM2M2JjN2M0YzAiOnsiY3JlYXRlIjoxMjAwMDAwMDAwMDAwLCJkZWxldGUiOjM2MDAwMDAwMDAwMDAsInJlYWQiOjEyMDAwMDAwMDAwMDAsInVwZGF0ZSI6MTIwMDAwMDAwMDAwMH19"
        },
        {
          "index_key": "serverless-architecture-smes-analytics-predictive0",
          "schema_version": 0,
          "attributes": {
            "acceleration_status": "",
            "acl": null,
            "arn": "arn:aws:s3:::serverless-architecture-smes-analytics-predictive0",
            "bucket": "serverless-architecture-smes-analytics-predictive0",
            "bucket_domain_name": "serverless-architecture-smes-analytics-predictive0.s3.amazonaws.com",
            "bucket_prefix": "",
            "bucket_regional_domain_name": "serverless-architecture-smes-analytics-predictive0.s3.us-east-1.amazonaws.com",
            "cors_rule": [],
            "force_destroy": false,
            "grant": [
              {
                "id": "de033e27ae49ffad132feee98f5b867ca6da8f21403a91b4bea3af856083496b",
                "permissions": [
                  "FULL_CONTROL"
                ],
                "type": "CanonicalUser",
                "uri": ""
              }
            ],
            "hosted_zone_id": "Z3AQBSTGFYJSTF",
            "id": "serverless-architecture-smes-analytics-predictive0",
            "lifecycle_rule": [],
            "logging": [],
            "object_lock_configuration": [],
            "object_lock_enabled": false,
            "policy": "",
            "region": "us-east-1",
            "replication_configuration": [],
            "request_payer": "BucketOwner",
            "server_side_encryption_configuration": [
              {
                "rule": [
                  {
                    "apply_server_side_encryption_by_default": [
                      {
                        "kms_master_key_id": "arn:aws:kms:us-east-1:302772524387:key/b9e65473-c281-4777-a4be-db9a080ebad6",
                        "sse_algorithm": "aws:kms"
                      }
                    ],
                    "bucket_key_enabled": true
                  }
                ]
              }
            ],
            "tags": {},
            "tags_all": {},
            "timeouts": null,
            "versioning": [
              {
                "enabled": false,
                "mfa_delete": false
              }
            ],
            "website": [],
            "website_domain": null,
            "website_endpoint": null
          },
          "sensitive_attributes": [],
          "identity_schema_version": 0,
          "private": "eyJlMmJmYjczMC1lY2FhLTExZTYtOGY4OC0zNDM2M2JjN2M0YzAiOnsiY3JlYXRlIjoxMjAwMDAwMDAwMDAwLCJkZWxldGUiOjM2MDAwMDAwMDAwMDAsInJlYWQiOjEyMDAwMDAwMDAwMDAsInVwZGF0ZSI6MTIwMDAwMDAwMDAwMH19"
        },
        {
          "index_key": "serverless-architecture-smes-analytics-silver-zone0",
          "schema_version": 0,
          "attributes": {
            "acceleration_status": "",
            "acl": null,
            "arn": "arn:aws:s3:::serverless-architecture-smes-analytics-silver-zone0",
            "bucket": "serverless-architecture-smes-analytics-silver-zone0",
            "bucket_domain_name": "serverless-architecture-smes-analytics-silver-zone0.s3.amazonaws.com",
            "bucket_prefix": "",
            "bucket_regional_domain_name": "serverless-architecture-smes-analytics-silver-zone0.s3.us-east-1.amazonaws.com",
            "cors_rule": [],
            "force_destroy": false,
            "grant": [
              {
                "id": "de033e27ae49ffad132feee98f5b867ca6da8f21403a91b4bea3af856083496b",
                "permissions": [
                  "FULL_CONTROL"
                ],
                "type": "CanonicalUser",
                "uri": ""
              }
            ],
            "hosted_zone_id": "Z3AQBSTGFYJSTF",
            "id": "serverless-architecture-smes-analytics-silver-zone0",
            "lifecycle_rule": [],
            "logging": [],
            "object_lock_configuration": [],
            "object_lock_enabled": false,
            "policy": "",
            "region": "us-east-1",
            "replication_configuration": [],
            "request_payer": "BucketOwner",
            "server_side_encryption_configuration": [
              {
                "rule": [
                  {
                    "apply_server_side_encryption_by_default": [
                      {
                        "kms_master_key_id": "arn:aws:kms:us-east-1:302772524387:key/b9e65473-c281-4777-a4be-db9a080ebad6",
                        "sse_algorithm": "aws:kms"
                      }
                    ],
                    "bucket_key_enabled": true
                  }
                ]
              }
            ],
            "tags": {},
            "tags_all": {},
            "timeouts": null,
            "versioning": [
              {
                "enabled": false,
                "mfa_delete": false
              }
            ],
            "website": [],
            "website_domain": null,
            "website_endpoint": null
          },
          "sensitive_attributes": [],
          "identity_schema_version": 0,
          "private": "eyJlMmJmYjczMC1lY2FhLTExZTYtOGY4OC0zNDM2M2JjN2M0YzAiOnsiY3JlYXRlIjoxMjAwMDAwMDAwMDAwLCJkZWxldGUiOjM2MDAwMDAwMDAwMDAsInJlYWQiOjEyMDAwMDAwMDAwMDAsInVwZGF0ZSI6MTIwMDAwMDAwMDAwMH19"
        }
      ]
    },
    {
      "module": "module.s3",
      "mode": "managed",
      "type": "aws_s3_bucket_ownership_controls",
      "name": "o",
      "provider": "provider[\"registry.terraform.io/hashicorp/aws\"]",
      "instances": [
        {
          "index_key": "serverless-architecture-smes-analytics-bronze-zone0",
          "schema_version": 0,
          "attributes": {
            "bucket": "serverless-architecture-smes-analytics-bronze-zone0",
            "id": "serverless-architecture-smes-analytics-bronze-zone0",
            "rule": [
              {
                "object_ownership": "BucketOwnerEnforced"
              }
            ]
          },
          "sensitive_attributes": [],
          "identity_schema_version": 0,
          "private": "bnVsbA==",
          "dependencies": [
            "module.s3.aws_s3_bucket.b"
          ]
        },
        {
          "index_key": "serverless-architecture-smes-analytics-gold-zone0",
          "schema_version": 0,
          "attributes": {
            "bucket": "serverless-architecture-smes-analytics-gold-zone0",
            "id": "serverless-architecture-smes-analytics-gold-zone0",
            "rule": [
              {
                "object_ownership": "BucketOwnerEnforced"
              }
            ]
          },
          "sensitive_attributes": [],
          "identity_schema_version": 0,
          "private": "bnVsbA==",
          "dependencies": [
            "module.s3.aws_s3_bucket.b"
          ]
        },
        {
          "index_key": "serverless-architecture-smes-analytics-predictive0",
          "schema_version": 0,
          "attributes": {
            "bucket": "serverless-architecture-smes-analytics-predictive0",
            "id": "serverless-architecture-smes-analytics-predictive0",
            "rule": [
              {
                "object_ownership": "BucketOwnerEnforced"
              }
            ]
          },
          "sensitive_attributes": [],
          "identity_schema_version": 0,
          "private": "bnVsbA==",
          "dependencies": [
            "module.s3.aws_s3_bucket.b"
          ]
        },
        {
          "index_key": "serverless-architecture-smes-analytics-silver-zone0",
          "schema_version": 0,
          "attributes": {
            "bucket": "serverless-architecture-smes-analytics-silver-zone0",
            "id": "serverless-architecture-smes-analytics-silver-zone0",
            "rule": [
              {
                "object_ownership": "BucketOwnerEnforced"
              }
            ]
          },
          "sensitive_attributes": [],
          "identity_schema_version": 0,
          "private": "bnVsbA==",
          "dependencies": [
            "module.s3.aws_s3_bucket.b"
          ]
        }
      ]
    },
    {
      "module": "module.s3",
      "mode": "managed",
      "type": "aws_s3_bucket_policy",
      "name": "gold",
      "provider": "provider[\"registry.terraform.io/hashicorp/aws\"]",
      "instances": [
        {
          "schema_version": 0,
          "attributes": {
            "bucket": "serverless-architecture-smes-analytics-gold-zone0",
            "id": "serverless-architecture-smes-analytics-gold-zone0",
            "policy": "{\"Statement\":[{\"Action\":\"s3:ListBucket\",\"Effect\":\"Allow\",\"Principal\":{\"AWS\":[\"arn:aws:iam::302772524387:role/serverless-architecture-smes-analytics0-lambda-exec\",\"arn:aws:iam::302772524387:role/serverless-architecture-smes-analytics0-glue-job\"]},\"Resource\":\"arn:aws:s3:::serverless-architecture-smes-analytics-gold-zone0\",\"Sid\":\"AllowGlueAndLambdaListAndRW\"},{\"Action\":[\"s3:PutObject\",\"s3:GetObject\"],\"Effect\":\"Allow\",\"Principal\":{\"AWS\":[\"arn:aws:iam::302772524387:role/serverless-architecture-smes-analytics0-lambda-exec\",\"arn:aws:iam::302772524387:role/serverless-architecture-smes-analytics0-glue-job\"]},\"Resource\":\"arn:aws:s3:::serverless-architecture-smes-analytics-gold-zone0/*\",\"Sid\":\"AllowGlueAndLambdaGetPut\"},{\"Action\":\"s3:PutObject\",\"Condition\":{\"StringEquals\":{\"s3:x-amz-server-side-encryption\":\"aws:kms\"}},\"Effect\":\"Allow\",\"Principal\":{\"AWS\":[\"arn:aws:iam::302772524387:role/serverless-architecture-smes-analytics0-lambda-exec\",\"arn:aws:iam::302772524387:role/serverless-architecture-smes-analytics0-glue-job\"]},\"Resource\":\"arn:aws:s3:::serverless-architecture-smes-analytics-gold-zone0/*\",\"Sid\":\"RequireKmsSSEForPutObject\"}],\"Version\":\"2012-10-17\"}"
          },
          "sensitive_attributes": [],
          "identity_schema_version": 0,
          "private": "bnVsbA==",
          "dependencies": [
            "module.iam.aws_iam_role.glue_job",
            "module.iam.aws_iam_role.lambda",
            "module.iam.data.aws_iam_policy_document.assume_glue",
            "module.iam.data.aws_iam_policy_document.assume_lambda",
            "module.s3.aws_s3_bucket.b",
            "module.s3.data.aws_iam_policy_document.policy_gold"
          ]
        }
      ]
    },
    {
      "module": "module.s3",
      "mode": "managed",
      "type": "aws_s3_bucket_public_access_block",
      "name": "pab",
      "provider": "provider[\"registry.terraform.io/hashicorp/aws\"]",
      "instances": [
        {
          "index_key": "serverless-architecture-smes-analytics-bronze-zone0",
          "schema_version": 0,
          "attributes": {
            "block_public_acls": true,
            "block_public_policy": true,
            "bucket": "serverless-architecture-smes-analytics-bronze-zone0",
            "id": "serverless-architecture-smes-analytics-bronze-zone0",
            "ignore_public_acls": true,
            "restrict_public_buckets": true
          },
          "sensitive_attributes": [],
          "identity_schema_version": 0,
          "private": "bnVsbA==",
          "dependencies": [
            "module.s3.aws_s3_bucket.b"
          ]
        },
        {
          "index_key": "serverless-architecture-smes-analytics-gold-zone0",
          "schema_version": 0,
          "attributes": {
            "block_public_acls": true,
            "block_public_policy": true,
            "bucket": "serverless-architecture-smes-analytics-gold-zone0",
            "id": "serverless-architecture-smes-analytics-gold-zone0",
            "ignore_public_acls": true,
            "restrict_public_buckets": true
          },
          "sensitive_attributes": [],
          "identity_schema_version": 0,
          "private": "bnVsbA==",
          "dependencies": [
            "module.s3.aws_s3_bucket.b"
          ]
        },
        {
          "index_key": "serverless-architecture-smes-analytics-predictive0",
          "schema_version": 0,
          "attributes": {
            "block_public_acls": true,
            "block_public_policy": true,
            "bucket": "serverless-architecture-smes-analytics-predictive0",
            "id": "serverless-architecture-smes-analytics-predictive0",
            "ignore_public_acls": true,
            "restrict_public_buckets": true
          },
          "sensitive_attributes": [],
          "identity_schema_version": 0,
          "private": "bnVsbA==",
          "dependencies": [
            "module.s3.aws_s3_bucket.b"
          ]
        },
        {
          "index_key": "serverless-architecture-smes-analytics-silver-zone0",
          "schema_version": 0,
          "attributes": {
            "block_public_acls": true,
            "block_public_policy": true,
            "bucket": "serverless-architecture-smes-analytics-silver-zone0",
            "id": "serverless-architecture-smes-analytics-silver-zone0",
            "ignore_public_acls": true,
            "restrict_public_buckets": true
          },
          "sensitive_attributes": [],
          "identity_schema_version": 0,
          "private": "bnVsbA==",
          "dependencies": [
            "module.s3.aws_s3_bucket.b"
          ]
        }
      ]
    },
    {
      "module": "module.s3",
      "mode": "managed",
      "type": "aws_s3_bucket_server_side_encryption_configuration",
      "name": "sse",
      "provider": "provider[\"registry.terraform.io/hashicorp/aws\"]",
      "instances": [
        {
          "index_key": "serverless-architecture-smes-analytics-bronze-zone0",
          "schema_version": 0,
          "attributes": {
            "bucket": "serverless-architecture-smes-analytics-bronze-zone0",
            "expected_bucket_owner": "",
            "id": "serverless-architecture-smes-analytics-bronze-zone0",
            "rule": [
              {
                "apply_server_side_encryption_by_default": [
                  {
                    "kms_master_key_id": "arn:aws:kms:us-east-1:302772524387:key/b9e65473-c281-4777-a4be-db9a080ebad6",
                    "sse_algorithm": "aws:kms"
                  }
                ],
                "bucket_key_enabled": true
              }
            ]
          },
          "sensitive_attributes": [],
          "identity_schema_version": 0,
          "private": "bnVsbA==",
          "dependencies": [
            "module.kms.aws_kms_key.main",
            "module.s3.aws_s3_bucket.b"
          ]
        },
        {
          "index_key": "serverless-architecture-smes-analytics-gold-zone0",
          "schema_version": 0,
          "attributes": {
            "bucket": "serverless-architecture-smes-analytics-gold-zone0",
            "expected_bucket_owner": "",
            "id": "serverless-architecture-smes-analytics-gold-zone0",
            "rule": [
              {
                "apply_server_side_encryption_by_default": [
                  {
                    "kms_master_key_id": "arn:aws:kms:us-east-1:302772524387:key/b9e65473-c281-4777-a4be-db9a080ebad6",
                    "sse_algorithm": "aws:kms"
                  }
                ],
                "bucket_key_enabled": true
              }
            ]
          },
          "sensitive_attributes": [],
          "identity_schema_version": 0,
          "private": "bnVsbA==",
          "dependencies": [
            "module.kms.aws_kms_key.main",
            "module.s3.aws_s3_bucket.b"
          ]
        },
        {
          "index_key": "serverless-architecture-smes-analytics-predictive0",
          "schema_version": 0,
          "attributes": {
            "bucket": "serverless-architecture-smes-analytics-predictive0",
            "expected_bucket_owner": "",
            "id": "serverless-architecture-smes-analytics-predictive0",
            "rule": [
              {
                "apply_server_side_encryption_by_default": [
                  {
                    "kms_master_key_id": "arn:aws:kms:us-east-1:302772524387:key/b9e65473-c281-4777-a4be-db9a080ebad6",
                    "sse_algorithm": "aws:kms"
                  }
                ],
                "bucket_key_enabled": true
              }
            ]
          },
          "sensitive_attributes": [],
          "identity_schema_version": 0,
          "private": "bnVsbA==",
          "dependencies": [
            "module.kms.aws_kms_key.main",
            "module.s3.aws_s3_bucket.b"
          ]
        },
        {
          "index_key": "serverless-architecture-smes-analytics-silver-zone0",
          "schema_version": 0,
          "attributes": {
            "bucket": "serverless-architecture-smes-analytics-silver-zone0",
            "expected_bucket_owner": "",
            "id": "serverless-architecture-smes-analytics-silver-zone0",
            "rule": [
              {
                "apply_server_side_encryption_by_default": [
                  {
                    "kms_master_key_id": "arn:aws:kms:us-east-1:302772524387:key/b9e65473-c281-4777-a4be-db9a080ebad6",
                    "sse_algorithm": "aws:kms"
                  }
                ],
                "bucket_key_enabled": true
              }
            ]
          },
          "sensitive_attributes": [],
          "identity_schema_version": 0,
          "private": "bnVsbA==",
          "dependencies": [
            "module.kms.aws_kms_key.main",
            "module.s3.aws_s3_bucket.b"
          ]
        }
      ]
    },
    {
      "module": "module.step",
      "mode": "data",
      "type": "aws_iam_policy_document",
      "name": "assume_sm",
      "provider": "provider[\"registry.terraform.io/hashicorp/aws\"]",
      "instances": [
        {
          "schema_version": 0,
          "attributes": {
            "id": "271985812",
            "json": "{\n  \"Version\": \"2012-10-17\",\n  \"Statement\": [\n    {\n      \"Effect\": \"Allow\",\n      \"Action\": \"sts:AssumeRole\",\n      \"Principal\": {\n        \"Service\": \"states.amazonaws.com\"\n      }\n    }\n  ]\n}",
            "minified_json": "{\"Version\":\"2012-10-17\",\"Statement\":[{\"Effect\":\"Allow\",\"Action\":\"sts:AssumeRole\",\"Principal\":{\"Service\":\"states.amazonaws.com\"}}]}",
            "override_json": null,
            "override_policy_documents": null,
            "policy_id": null,
            "source_json": null,
            "source_policy_documents": null,
            "statement": [
              {
                "actions": [
                  "sts:AssumeRole"
                ],
                "condition": [],
                "effect": "Allow",
                "not_actions": [],
                "not_principals": [],
                "not_resources": [],
                "principals": [
                  {
                    "identifiers": [
                      "states.amazonaws.com"
                    ],
                    "type": "Service"
                  }
                ],
                "resources": [],
                "sid": ""
              }
            ],
            "version": "2012-10-17"
          },
          "sensitive_attributes": [],
          "identity_schema_version": 0
        }
      ]
    },
    {
      "module": "module.step",
      "mode": "data",
      "type": "aws_iam_policy_document",
      "name": "sm_policy",
      "provider": "provider[\"registry.terraform.io/hashicorp/aws\"]",
      "instances": [
        {
          "schema_version": 0,
          "attributes": {
            "id": "1544285011",
            "json": "{\n  \"Version\": \"2012-10-17\",\n  \"Statement\": [\n    {\n      \"Effect\": \"Allow\",\n      \"Action\": \"lambda:InvokeFunction\",\n      \"Resource\": \"*\"\n    }\n  ]\n}",
            "minified_json": "{\"Version\":\"2012-10-17\",\"Statement\":[{\"Effect\":\"Allow\",\"Action\":\"lambda:InvokeFunction\",\"Resource\":\"*\"}]}",
            "override_json": null,
            "override_policy_documents": null,
            "policy_id": null,
            "source_json": null,
            "source_policy_documents": null,
            "statement": [
              {
                "actions": [
                  "lambda:InvokeFunction"
                ],
                "condition": [],
                "effect": "Allow",
                "not_actions": [],
                "not_principals": [],
                "not_resources": [],
                "principals": [],
                "resources": [
                  "*"
                ],
                "sid": ""
              }
            ],
            "version": "2012-10-17"
          },
          "sensitive_attributes": [],
          "identity_schema_version": 0
        }
      ]
    },
    {
      "module": "module.step",
      "mode": "data",
      "type": "template_file",
      "name": "def",
      "provider": "provider[\"registry.terraform.io/hashicorp/template\"]",
      "instances": [
        {
          "schema_version": 0,
          "attributes": {
            "filename": null,
            "id": "97e5f9640ac73e1f963b03c90593471301ee5a18f1aeab4708533d2bf299c205",
            "rendered": "{\n  \"Comment\": \"ETL + Predicción\",\n  \"StartAt\": \"RunPrediction\",\n  \"States\": {\n    \"RunPrediction\": {\n      \"Type\": \"Task\",\n      \"Resource\": \"arn:aws:lambda:us-east-1:302772524387:function:quality0\",\n      \"End\": true\n    }\n  }\n}\n\n",
            "template": "{\n  \"Comment\": \"ETL + Predicción\",\n  \"StartAt\": \"RunPrediction\",\n  \"States\": {\n    \"RunPrediction\": {\n      \"Type\": \"Task\",\n      \"Resource\": \"${prediction_lambda_arn}\",\n      \"End\": true\n    }\n  }\n}\n\n",
            "vars": {
              "prediction_lambda_arn": "arn:aws:lambda:us-east-1:302772524387:function:quality0"
            }
          },
          "sensitive_attributes": [],
          "identity_schema_version": 0
        }
      ]
    },
    {
      "module": "module.step",
      "mode": "managed",
      "type": "aws_iam_policy",
      "name": "sm_policy",
      "provider": "provider[\"registry.terraform.io/hashicorp/aws\"]",
      "instances": [
        {
          "schema_version": 0,
          "attributes": {
            "arn": "arn:aws:iam::302772524387:policy/serverless-architecture-smes-analytics0-etl-sm-policy",
            "attachment_count": 1,
            "description": "",
            "id": "arn:aws:iam::302772524387:policy/serverless-architecture-smes-analytics0-etl-sm-policy",
            "name": "serverless-architecture-smes-analytics0-etl-sm-policy",
            "name_prefix": "",
            "path": "/",
            "policy": "{\"Statement\":[{\"Action\":\"lambda:InvokeFunction\",\"Effect\":\"Allow\",\"Resource\":\"*\"}],\"Version\":\"2012-10-17\"}",
            "policy_id": "ANPAUM7VGCVRTK5IVIXEX",
            "tags": {},
            "tags_all": {}
          },
          "sensitive_attributes": [],
          "identity_schema_version": 0,
          "private": "bnVsbA==",
          "dependencies": [
            "module.step.data.aws_iam_policy_document.sm_policy"
          ]
        }
      ]
    },
    {
      "module": "module.step",
      "mode": "managed",
      "type": "aws_iam_role",
      "name": "sm",
      "provider": "provider[\"registry.terraform.io/hashicorp/aws\"]",
      "instances": [
        {
          "schema_version": 0,
          "attributes": {
            "arn": "arn:aws:iam::302772524387:role/serverless-architecture-smes-analytics0-etl-sm-role",
            "assume_role_policy": "{\"Statement\":[{\"Action\":\"sts:AssumeRole\",\"Effect\":\"Allow\",\"Principal\":{\"Service\":\"states.amazonaws.com\"}}],\"Version\":\"2012-10-17\"}",
            "create_date": "2025-08-14T00:14:18Z",
            "description": "",
            "force_detach_policies": false,
            "id": "serverless-architecture-smes-analytics0-etl-sm-role",
            "inline_policy": [],
            "managed_policy_arns": [
              "arn:aws:iam::302772524387:policy/serverless-architecture-smes-analytics0-etl-sm-policy"
            ],
            "max_session_duration": 3600,
            "name": "serverless-architecture-smes-analytics0-etl-sm-role",
            "name_prefix": "",
            "path": "/",
            "permissions_boundary": "",
            "tags": {},
            "tags_all": {},
            "unique_id": "AROAUM7VGCVR2VQLHH3TN"
          },
          "sensitive_attributes": [],
          "identity_schema_version": 0,
          "private": "bnVsbA==",
          "dependencies": [
            "module.step.data.aws_iam_policy_document.assume_sm"
          ]
        }
      ]
    },
    {
      "module": "module.step",
      "mode": "managed",
      "type": "aws_iam_role_policy_attachment",
      "name": "sm_attach",
      "provider": "provider[\"registry.terraform.io/hashicorp/aws\"]",
      "instances": [
        {
          "schema_version": 0,
          "attributes": {
            "id": "serverless-architecture-smes-analytics0-etl-sm-role-20250814001419387400000002",
            "policy_arn": "arn:aws:iam::302772524387:policy/serverless-architecture-smes-analytics0-etl-sm-policy",
            "role": "serverless-architecture-smes-analytics0-etl-sm-role"
          },
          "sensitive_attributes": [],
          "identity_schema_version": 0,
          "private": "bnVsbA==",
          "dependencies": [
            "module.step.aws_iam_policy.sm_policy",
            "module.step.aws_iam_role.sm",
            "module.step.data.aws_iam_policy_document.assume_sm",
            "module.step.data.aws_iam_policy_document.sm_policy"
          ]
        }
      ]
    },
    {
      "module": "module.step",
      "mode": "managed",
      "type": "aws_sfn_state_machine",
      "name": "sm",
      "provider": "provider[\"registry.terraform.io/hashicorp/aws\"]",
      "instances": [
        {
          "schema_version": 0,
          "attributes": {
            "arn": "arn:aws:states:us-east-1:302772524387:stateMachine:serverless-architecture-smes-analytics0-etl-sm",
            "creation_date": "2025-08-14T00:23:21Z",
            "definition": "{\n  \"Comment\": \"ETL + Predicción\",\n  \"StartAt\": \"RunPrediction\",\n  \"States\": {\n    \"RunPrediction\": {\n      \"Type\": \"Task\",\n      \"Resource\": \"arn:aws:lambda:us-east-1:302772524387:function:quality0\",\n      \"End\": true\n    }\n  }\n}\n\n",
            "description": "",
            "encryption_configuration": [
              {
                "kms_data_key_reuse_period_seconds": 0,
                "kms_key_id": "arn:aws:kms:us-east-1:302772524387:key/b9e65473-c281-4777-a4be-db9a080ebad6",
                "type": "CUSTOMER_MANAGED_KMS_KEY"
              }
            ],
            "id": "arn:aws:states:us-east-1:302772524387:stateMachine:serverless-architecture-smes-analytics0-etl-sm",
            "logging_configuration": [
              {
                "include_execution_data": false,
                "level": "OFF",
                "log_destination": ""
              }
            ],
            "name": "serverless-architecture-smes-analytics0-etl-sm",
            "name_prefix": "",
            "publish": false,
            "revision_id": "",
            "role_arn": "arn:aws:iam::302772524387:role/serverless-architecture-smes-analytics0-etl-sm-role",
            "state_machine_version_arn": "",
            "status": "ACTIVE",
            "tags": {},
            "tags_all": {},
            "timeouts": null,
            "tracing_configuration": [
              {
                "enabled": false
              }
            ],
            "type": "STANDARD",
            "version_description": null
          },
          "sensitive_attributes": [],
          "identity_schema_version": 0,
          "private": "eyJlMmJmYjczMC1lY2FhLTExZTYtOGY4OC0zNDM2M2JjN2M0YzAiOnsiY3JlYXRlIjozMDAwMDAwMDAwMDAsImRlbGV0ZSI6MzAwMDAwMDAwMDAwLCJ1cGRhdGUiOjYwMDAwMDAwMDAwfX0=",
          "dependencies": [
            "module.iam.aws_iam_role.lambda",
            "module.iam.data.aws_iam_policy_document.assume_lambda",
            "module.kms.aws_kms_key.main",
            "module.lambdas.aws_lambda_function.fn",
            "module.step.aws_iam_policy.sm_policy",
            "module.step.aws_iam_role.sm",
            "module.step.aws_iam_role_policy_attachment.sm_attach",
            "module.step.data.aws_iam_policy_document.assume_sm",
            "module.step.data.aws_iam_policy_document.sm_policy",
            "module.step.data.template_file.def",
            "module.step.time_sleep.after_policy_attach"
          ]
        }
      ]
    },
    {
      "module": "module.step",
      "mode": "managed",
      "type": "time_sleep",
      "name": "after_policy_attach",
      "provider": "provider[\"registry.terraform.io/hashicorp/time\"]",
      "instances": [
        {
          "schema_version": 0,
          "attributes": {
            "create_duration": "15s",
            "destroy_duration": null,
            "id": "2025-08-14T01:05:01Z",
            "triggers": null
          },
          "sensitive_attributes": [],
          "identity_schema_version": 0,
          "dependencies": [
            "module.step.aws_iam_policy.sm_policy",
            "module.step.aws_iam_role.sm",
            "module.step.aws_iam_role_policy_attachment.sm_attach",
            "module.step.data.aws_iam_policy_document.assume_sm",
            "module.step.data.aws_iam_policy_document.sm_policy"
          ]
        }
      ]
    }
  ],
  "check_results": null
}
